// !$*UTF8*$!
{
	archiveVersion = 1;
	classes = {
	};
	objectVersion = 56;
	objects = {

/* Begin PBXBuildFile section */
		CC30ECE8290BFEA9005D94E7 /* Note.xcdatamodeld in Sources */ = {isa = PBXBuildFile; fileRef = CC30ECE6290BFEA9005D94E7 /* Note.xcdatamodeld */; };
		CC73668828F5A49900499E23 /* AppDelegate.swift in Sources */ = {isa = PBXBuildFile; fileRef = CC73668728F5A49900499E23 /* AppDelegate.swift */; };
		CC73668A28F5A49900499E23 /* SceneDelegate.swift in Sources */ = {isa = PBXBuildFile; fileRef = CC73668928F5A49900499E23 /* SceneDelegate.swift */; };
		CC73668C28F5A49900499E23 /* ViewController.swift in Sources */ = {isa = PBXBuildFile; fileRef = CC73668B28F5A49900499E23 /* ViewController.swift */; };
		CC73669128F5A49900499E23 /* Assets.xcassets in Resources */ = {isa = PBXBuildFile; fileRef = CC73669028F5A49900499E23 /* Assets.xcassets */; };
		CC73669428F5A49900499E23 /* LaunchScreen.storyboard in Resources */ = {isa = PBXBuildFile; fileRef = CC73669228F5A49900499E23 /* LaunchScreen.storyboard */; };
		CC73669C28F5BA7600499E23 /* NotesViewController.swift in Sources */ = {isa = PBXBuildFile; fileRef = CC73669B28F5BA7600499E23 /* NotesViewController.swift */; };
		CC73669E28F5BE5900499E23 /* CALayerShadow.swift in Sources */ = {isa = PBXBuildFile; fileRef = CC73669D28F5BE5900499E23 /* CALayerShadow.swift */; };
		CC7366A028F5BE7000499E23 /* UISwiftPin.swift in Sources */ = {isa = PBXBuildFile; fileRef = CC73669F28F5BE7000499E23 /* UISwiftPin.swift */; };
		CC7366A228F5BE8B00499E23 /* ColorPaletteView.swift in Sources */ = {isa = PBXBuildFile; fileRef = CC7366A128F5BE8B00499E23 /* ColorPaletteView.swift */; };
		CC7366A428F5BE9F00499E23 /* UIColorComponents.swift in Sources */ = {isa = PBXBuildFile; fileRef = CC7366A328F5BE9F00499E23 /* UIColorComponents.swift */; };
		CC7366A628F5C67F00499E23 /* ShortNote.swift in Sources */ = {isa = PBXBuildFile; fileRef = CC7366A528F5C67F00499E23 /* ShortNote.swift */; };
		CC7366A828F5C92000499E23 /* NoteCell.swift in Sources */ = {isa = PBXBuildFile; fileRef = CC7366A728F5C92000499E23 /* NoteCell.swift */; };
		CCC056C528F6D99400EC894A /* AddNoteCell.swift in Sources */ = {isa = PBXBuildFile; fileRef = CCC056C428F6D99400EC894A /* AddNoteCell.swift */; };
/* End PBXBuildFile section */

/* Begin PBXFileReference section */
		CC30ECE7290BFEA9005D94E7 /* Note.xcdatamodel */ = {isa = PBXFileReference; lastKnownFileType = wrapper.xcdatamodel; path = Note.xcdatamodel; sourceTree = "<group>"; };
		CC73668428F5A49900499E23 /* evshelemekhPW4.app */ = {isa = PBXFileReference; explicitFileType = wrapper.application; includeInIndex = 0; path = evshelemekhPW4.app; sourceTree = BUILT_PRODUCTS_DIR; };
		CC73668728F5A49900499E23 /* AppDelegate.swift */ = {isa = PBXFileReference; lastKnownFileType = sourcecode.swift; path = AppDelegate.swift; sourceTree = "<group>"; };
		CC73668928F5A49900499E23 /* SceneDelegate.swift */ = {isa = PBXFileReference; lastKnownFileType = sourcecode.swift; path = SceneDelegate.swift; sourceTree = "<group>"; };
		CC73668B28F5A49900499E23 /* ViewController.swift */ = {isa = PBXFileReference; lastKnownFileType = sourcecode.swift; path = ViewController.swift; sourceTree = "<group>"; };
		CC73669028F5A49900499E23 /* Assets.xcassets */ = {isa = PBXFileReference; lastKnownFileType = folder.assetcatalog; path = Assets.xcassets; sourceTree = "<group>"; };
		CC73669328F5A49900499E23 /* Base */ = {isa = PBXFileReference; lastKnownFileType = file.storyboard; name = Base; path = Base.lproj/LaunchScreen.storyboard; sourceTree = "<group>"; };
		CC73669528F5A49900499E23 /* Info.plist */ = {isa = PBXFileReference; lastKnownFileType = text.plist.xml; path = Info.plist; sourceTree = "<group>"; };
		CC73669B28F5BA7600499E23 /* NotesViewController.swift */ = {isa = PBXFileReference; lastKnownFileType = sourcecode.swift; path = NotesViewController.swift; sourceTree = "<group>"; };
		CC73669D28F5BE5900499E23 /* CALayerShadow.swift */ = {isa = PBXFileReference; lastKnownFileType = sourcecode.swift; path = CALayerShadow.swift; sourceTree = "<group>"; };
		CC73669F28F5BE7000499E23 /* UISwiftPin.swift */ = {isa = PBXFileReference; lastKnownFileType = sourcecode.swift; path = UISwiftPin.swift; sourceTree = "<group>"; };
		CC7366A128F5BE8B00499E23 /* ColorPaletteView.swift */ = {isa = PBXFileReference; lastKnownFileType = sourcecode.swift; path = ColorPaletteView.swift; sourceTree = "<group>"; };
		CC7366A328F5BE9F00499E23 /* UIColorComponents.swift */ = {isa = PBXFileReference; lastKnownFileType = sourcecode.swift; path = UIColorComponents.swift; sourceTree = "<group>"; };
		CC7366A528F5C67F00499E23 /* ShortNote.swift */ = {isa = PBXFileReference; lastKnownFileType = sourcecode.swift; path = ShortNote.swift; sourceTree = "<group>"; };
		CC7366A728F5C92000499E23 /* NoteCell.swift */ = {isa = PBXFileReference; lastKnownFileType = sourcecode.swift; path = NoteCell.swift; sourceTree = "<group>"; };
		CCC056C428F6D99400EC894A /* AddNoteCell.swift */ = {isa = PBXFileReference; lastKnownFileType = sourcecode.swift; path = AddNoteCell.swift; sourceTree = "<group>"; };
/* End PBXFileReference section */

/* Begin PBXFrameworksBuildPhase section */
		CC73668128F5A49900499E23 /* Frameworks */ = {
			isa = PBXFrameworksBuildPhase;
			buildActionMask = 2147483647;
			files = (
			);
			runOnlyForDeploymentPostprocessing = 0;
		};
/* End PBXFrameworksBuildPhase section */

/* Begin PBXGroup section */
		CC73667B28F5A49900499E23 = {
			isa = PBXGroup;
			children = (
				CC73668628F5A49900499E23 /* evshelemekhPW4 */,
				CC73668528F5A49900499E23 /* Products */,
			);
			sourceTree = "<group>";
		};
		CC73668528F5A49900499E23 /* Products */ = {
			isa = PBXGroup;
			children = (
				CC73668428F5A49900499E23 /* evshelemekhPW4.app */,
			);
			name = Products;
			sourceTree = "<group>";
		};
		CC73668628F5A49900499E23 /* evshelemekhPW4 */ = {
			isa = PBXGroup;
			children = (
				CCC056C828F6DBFD00EC894A /* notes */,
				CCC056C728F6DBDF00EC894A /* colorPalette */,
				CC73668728F5A49900499E23 /* AppDelegate.swift */,
				CC73668928F5A49900499E23 /* SceneDelegate.swift */,
				CC73668B28F5A49900499E23 /* ViewController.swift */,
				CC73669D28F5BE5900499E23 /* CALayerShadow.swift */,
				CC73669F28F5BE7000499E23 /* UISwiftPin.swift */,
				CC73669028F5A49900499E23 /* Assets.xcassets */,
				CC73669228F5A49900499E23 /* LaunchScreen.storyboard */,
				CC73669528F5A49900499E23 /* Info.plist */,
			);
			path = evshelemekhPW4;
			sourceTree = "<group>";
		};
		CCC056C728F6DBDF00EC894A /* colorPalette */ = {
			isa = PBXGroup;
			children = (
				CC7366A128F5BE8B00499E23 /* ColorPaletteView.swift */,
				CC7366A328F5BE9F00499E23 /* UIColorComponents.swift */,
			);
			path = colorPalette;
			sourceTree = "<group>";
		};
		CCC056C828F6DBFD00EC894A /* notes */ = {
			isa = PBXGroup;
			children = (
				CC73669B28F5BA7600499E23 /* NotesViewController.swift */,
				CC7366A728F5C92000499E23 /* NoteCell.swift */,
				CCC056C428F6D99400EC894A /* AddNoteCell.swift */,
				CC30ECE6290BFEA9005D94E7 /* Note.xcdatamodeld */,
				CC7366A528F5C67F00499E23 /* ShortNote.swift */,
			);
			path = notes;
			sourceTree = "<group>";
		};
/* End PBXGroup section */

/* Begin PBXNativeTarget section */
		CC73668328F5A49900499E23 /* evshelemekhPW4 */ = {
			isa = PBXNativeTarget;
			buildConfigurationList = CC73669828F5A49900499E23 /* Build configuration list for PBXNativeTarget "evshelemekhPW4" */;
			buildPhases = (
				CC73668028F5A49900499E23 /* Sources */,
				CC73668128F5A49900499E23 /* Frameworks */,
				CC73668228F5A49900499E23 /* Resources */,
			);
			buildRules = (
			);
			dependencies = (
			);
			name = evshelemekhPW4;
			productName = evshelemekhPW4;
			productReference = CC73668428F5A49900499E23 /* evshelemekhPW4.app */;
			productType = "com.apple.product-type.application";
		};
/* End PBXNativeTarget section */

/* Begin PBXProject section */
		CC73667C28F5A49900499E23 /* Project object */ = {
			isa = PBXProject;
			attributes = {
				BuildIndependentTargetsInParallel = 1;
				LastSwiftUpdateCheck = 1400;
				LastUpgradeCheck = 1400;
				TargetAttributes = {
					CC73668328F5A49900499E23 = {
						CreatedOnToolsVersion = 14.0;
					};
				};
			};
			buildConfigurationList = CC73667F28F5A49900499E23 /* Build configuration list for PBXProject "evshelemekhPW4" */;
			compatibilityVersion = "Xcode 14.0";
			developmentRegion = en;
			hasScannedForEncodings = 0;
			knownRegions = (
				en,
				Base,
			);
			mainGroup = CC73667B28F5A49900499E23;
			productRefGroup = CC73668528F5A49900499E23 /* Products */;
			projectDirPath = "";
			projectRoot = "";
			targets = (
				CC73668328F5A49900499E23 /* evshelemekhPW4 */,
			);
		};
/* End PBXProject section */

/* Begin PBXResourcesBuildPhase section */
		CC73668228F5A49900499E23 /* Resources */ = {
			isa = PBXResourcesBuildPhase;
			buildActionMask = 2147483647;
			files = (
				CC73669428F5A49900499E23 /* LaunchScreen.storyboard in Resources */,
				CC73669128F5A49900499E23 /* Assets.xcassets in Resources */,
			);
			runOnlyForDeploymentPostprocessing = 0;
		};
/* End PBXResourcesBuildPhase section */

/* Begin PBXSourcesBuildPhase section */
		CC73668028F5A49900499E23 /* Sources */ = {
			isa = PBXSourcesBuildPhase;
			buildActionMask = 2147483647;
			files = (
				CC73669C28F5BA7600499E23 /* NotesViewController.swift in Sources */,
				CC73668C28F5A49900499E23 /* ViewController.swift in Sources */,
				CC7366A228F5BE8B00499E23 /* ColorPaletteView.swift in Sources */,
				CC30ECE8290BFEA9005D94E7 /* Note.xcdatamodeld in Sources */,
				CC73668828F5A49900499E23 /* AppDelegate.swift in Sources */,
				CC7366A028F5BE7000499E23 /* UISwiftPin.swift in Sources */,
				CC7366A428F5BE9F00499E23 /* UIColorComponents.swift in Sources */,
				CC73668A28F5A49900499E23 /* SceneDelegate.swift in Sources */,
				CC7366A828F5C92000499E23 /* NoteCell.swift in Sources */,
				CC73669E28F5BE5900499E23 /* CALayerShadow.swift in Sources */,
				CC7366A628F5C67F00499E23 /* ShortNote.swift in Sources */,
				CCC056C528F6D99400EC894A /* AddNoteCell.swift in Sources */,
			);
			runOnlyForDeploymentPostprocessing = 0;
		};
/* End PBXSourcesBuildPhase section */

/* Begin PBXVariantGroup section */
		CC73669228F5A49900499E23 /* LaunchScreen.storyboard */ = {
			isa = PBXVariantGroup;
			children = (
				CC73669328F5A49900499E23 /* Base */,
			);
			name = LaunchScreen.storyboard;
			sourceTree = "<group>";
		};
/* End PBXVariantGroup section */

/* Begin XCBuildConfiguration section */
		CC73669628F5A49900499E23 /* Debug */ = {
			isa = XCBuildConfiguration;
			buildSettings = {
				ALWAYS_SEARCH_USER_PATHS = NO;
				CLANG_ANALYZER_NONNULL = YES;
				CLANG_ANALYZER_NUMBER_OBJECT_CONVERSION = YES_AGGRESSIVE;
				CLANG_CXX_LANGUAGE_STANDARD = "gnu++20";
				CLANG_ENABLE_MODULES = YES;
				CLANG_ENABLE_OBJC_ARC = YES;
				CLANG_ENABLE_OBJC_WEAK = YES;
				CLANG_WARN_BLOCK_CAPTURE_AUTORELEASING = YES;
				CLANG_WARN_BOOL_CONVERSION = YES;
				CLANG_WARN_COMMA = YES;
				CLANG_WARN_CONSTANT_CONVERSION = YES;
				CLANG_WARN_DEPRECATED_OBJC_IMPLEMENTATIONS = YES;
				CLANG_WARN_DIRECT_OBJC_ISA_USAGE = YES_ERROR;
				CLANG_WARN_DOCUMENTATION_COMMENTS = YES;
				CLANG_WARN_EMPTY_BODY = YES;
				CLANG_WARN_ENUM_CONVERSION = YES;
				CLANG_WARN_INFINITE_RECURSION = YES;
				CLANG_WARN_INT_CONVERSION = YES;
				CLANG_WARN_NON_LITERAL_NULL_CONVERSION = YES;
				CLANG_WARN_OBJC_IMPLICIT_RETAIN_SELF = YES;
				CLANG_WARN_OBJC_LITERAL_CONVERSION = YES;
				CLANG_WARN_OBJC_ROOT_CLASS = YES_ERROR;
				CLANG_WARN_QUOTED_INCLUDE_IN_FRAMEWORK_HEADER = YES;
				CLANG_WARN_RANGE_LOOP_ANALYSIS = YES;
				CLANG_WARN_STRICT_PROTOTYPES = YES;
				CLANG_WARN_SUSPICIOUS_MOVE = YES;
				CLANG_WARN_UNGUARDED_AVAILABILITY = YES_AGGRESSIVE;
				CLANG_WARN_UNREACHABLE_CODE = YES;
				CLANG_WARN__DUPLICATE_METHOD_MATCH = YES;
				COPY_PHASE_STRIP = NO;
				DEBUG_INFORMATION_FORMAT = dwarf;
				ENABLE_STRICT_OBJC_MSGSEND = YES;
				ENABLE_TESTABILITY = YES;
				GCC_C_LANGUAGE_STANDARD = gnu11;
				GCC_DYNAMIC_NO_PIC = NO;
				GCC_NO_COMMON_BLOCKS = YES;
				GCC_OPTIMIZATION_LEVEL = 0;
				GCC_PREPROCESSOR_DEFINITIONS = (
					"DEBUG=1",
					"$(inherited)",
				);
				GCC_WARN_64_TO_32_BIT_CONVERSION = YES;
				GCC_WARN_ABOUT_RETURN_TYPE = YES_ERROR;
				GCC_WARN_UNDECLARED_SELECTOR = YES;
				GCC_WARN_UNINITIALIZED_AUTOS = YES_AGGRESSIVE;
				GCC_WARN_UNUSED_FUNCTION = YES;
				GCC_WARN_UNUSED_VARIABLE = YES;
				IPHONEOS_DEPLOYMENT_TARGET = 15.0;
				MTL_ENABLE_DEBUG_INFO = INCLUDE_SOURCE;
				MTL_FAST_MATH = YES;
				ONLY_ACTIVE_ARCH = YES;
				SDKROOT = iphoneos;
				SWIFT_ACTIVE_COMPILATION_CONDITIONS = DEBUG;
				SWIFT_OPTIMIZATION_LEVEL = "-Onone";
			};
			name = Debug;
		};
		CC73669728F5A49900499E23 /* Release */ = {
			isa = XCBuildConfiguration;
			buildSettings = {
				ALWAYS_SEARCH_USER_PATHS = NO;
				CLANG_ANALYZER_NONNULL = YES;
				CLANG_ANALYZER_NUMBER_OBJECT_CONVERSION = YES_AGGRESSIVE;
				CLANG_CXX_LANGUAGE_STANDARD = "gnu++20";
				CLANG_ENABLE_MODULES = YES;
				CLANG_ENABLE_OBJC_ARC = YES;
				CLANG_ENABLE_OBJC_WEAK = YES;
				CLANG_WARN_BLOCK_CAPTURE_AUTORELEASING = YES;
				CLANG_WARN_BOOL_CONVERSION = YES;
				CLANG_WARN_COMMA = YES;
				CLANG_WARN_CONSTANT_CONVERSION = YES;
				CLANG_WARN_DEPRECATED_OBJC_IMPLEMENTATIONS = YES;
				CLANG_WARN_DIRECT_OBJC_ISA_USAGE = YES_ERROR;
				CLANG_WARN_DOCUMENTATION_COMMENTS = YES;
				CLANG_WARN_EMPTY_BODY = YES;
				CLANG_WARN_ENUM_CONVERSION = YES;
				CLANG_WARN_INFINITE_RECURSION = YES;
				CLANG_WARN_INT_CONVERSION = YES;
				CLANG_WARN_NON_LITERAL_NULL_CONVERSION = YES;
				CLANG_WARN_OBJC_IMPLICIT_RETAIN_SELF = YES;
				CLANG_WARN_OBJC_LITERAL_CONVERSION = YES;
				CLANG_WARN_OBJC_ROOT_CLASS = YES_ERROR;
				CLANG_WARN_QUOTED_INCLUDE_IN_FRAMEWORK_HEADER = YES;
				CLANG_WARN_RANGE_LOOP_ANALYSIS = YES;
				CLANG_WARN_STRICT_PROTOTYPES = YES;
				CLANG_WARN_SUSPICIOUS_MOVE = YES;
				CLANG_WARN_UNGUARDED_AVAILABILITY = YES_AGGRESSIVE;
				CLANG_WARN_UNREACHABLE_CODE = YES;
				CLANG_WARN__DUPLICATE_METHOD_MATCH = YES;
				COPY_PHASE_STRIP = NO;
				DEBUG_INFORMATION_FORMAT = "dwarf-with-dsym";
				ENABLE_NS_ASSERTIONS = NO;
				ENABLE_STRICT_OBJC_MSGSEND = YES;
				GCC_C_LANGUAGE_STANDARD = gnu11;
				GCC_NO_COMMON_BLOCKS = YES;
				GCC_WARN_64_TO_32_BIT_CONVERSION = YES;
				GCC_WARN_ABOUT_RETURN_TYPE = YES_ERROR;
				GCC_WARN_UNDECLARED_SELECTOR = YES;
				GCC_WARN_UNINITIALIZED_AUTOS = YES_AGGRESSIVE;
				GCC_WARN_UNUSED_FUNCTION = YES;
				GCC_WARN_UNUSED_VARIABLE = YES;
				IPHONEOS_DEPLOYMENT_TARGET = 15.0;
				MTL_ENABLE_DEBUG_INFO = NO;
				MTL_FAST_MATH = YES;
				SDKROOT = iphoneos;
				SWIFT_COMPILATION_MODE = wholemodule;
				SWIFT_OPTIMIZATION_LEVEL = "-O";
				VALIDATE_PRODUCT = YES;
			};
			name = Release;
		};
		CC73669928F5A49900499E23 /* Debug */ = {
			isa = XCBuildConfiguration;
			buildSettings = {
				ASSETCATALOG_COMPILER_APPICON_NAME = AppIcon;
				ASSETCATALOG_COMPILER_GLOBAL_ACCENT_COLOR_NAME = AccentColor;
				CODE_SIGN_STYLE = Automatic;
				CURRENT_PROJECT_VERSION = 1;
				GENERATE_INFOPLIST_FILE = YES;
				INFOPLIST_FILE = evshelemekhPW4/Info.plist;
				INFOPLIST_KEY_UIApplicationSupportsIndirectInputEvents = YES;
				INFOPLIST_KEY_UILaunchStoryboardName = LaunchScreen;
				INFOPLIST_KEY_UISupportedInterfaceOrientations_iPad = "UIInterfaceOrientationPortrait UIInterfaceOrientationPortraitUpsideDown UIInterfaceOrientationLandscapeLeft UIInterfaceOrientationLandscapeRight";
				INFOPLIST_KEY_UISupportedInterfaceOrientations_iPhone = "UIInterfaceOrientationPortrait UIInterfaceOrientationLandscapeLeft UIInterfaceOrientationLandscapeRight";
				IPHONEOS_DEPLOYMENT_TARGET = 15.0;
				LD_RUNPATH_SEARCH_PATHS = (
					"$(inherited)",
					"@executable_path/Frameworks",
				);
				MARKETING_VERSION = 1.0;
				PRODUCT_BUNDLE_IDENTIFIER = com.exp.evshelemekhPW4;
				PRODUCT_NAME = "$(TARGET_NAME)";
				SWIFT_EMIT_LOC_STRINGS = YES;
				SWIFT_VERSION = 5.0;
				TARGETED_DEVICE_FAMILY = "1,2";
			};
			name = Debug;
		};
		CC73669A28F5A49900499E23 /* Release */ = {
			isa = XCBuildConfiguration;
			buildSettings = {
				ASSETCATALOG_COMPILER_APPICON_NAME = AppIcon;
				ASSETCATALOG_COMPILER_GLOBAL_ACCENT_COLOR_NAME = AccentColor;
				CODE_SIGN_STYLE = Automatic;
				CURRENT_PROJECT_VERSION = 1;
				GENERATE_INFOPLIST_FILE = YES;
				INFOPLIST_FILE = evshelemekhPW4/Info.plist;
				INFOPLIST_KEY_UIApplicationSupportsIndirectInputEvents = YES;
				INFOPLIST_KEY_UILaunchStoryboardName = LaunchScreen;
				INFOPLIST_KEY_UISupportedInterfaceOrientations_iPad = "UIInterfaceOrientationPortrait UIInterfaceOrientationPortraitUpsideDown UIInterfaceOrientationLandscapeLeft UIInterfaceOrientationLandscapeRight";
				INFOPLIST_KEY_UISupportedInterfaceOrientations_iPhone = "UIInterfaceOrientationPortrait UIInterfaceOrientationLandscapeLeft UIInterfaceOrientationLandscapeRight";
				IPHONEOS_DEPLOYMENT_TARGET = 15.0;
				LD_RUNPATH_SEARCH_PATHS = (
					"$(inherited)",
					"@executable_path/Frameworks",
				);
				MARKETING_VERSION = 1.0;
				PRODUCT_BUNDLE_IDENTIFIER = com.exp.evshelemekhPW4;
				PRODUCT_NAME = "$(TARGET_NAME)";
				SWIFT_EMIT_LOC_STRINGS = YES;
				SWIFT_VERSION = 5.0;
				TARGETED_DEVICE_FAMILY = "1,2";
			};
			name = Release;
		};
/* End XCBuildConfiguration section */

/* Begin XCConfigurationList section */
		CC73667F28F5A49900499E23 /* Build configuration list for PBXProject "evshelemekhPW4" */ = {
			isa = XCConfigurationList;
			buildConfigurations = (
				CC73669628F5A49900499E23 /* Debug */,
				CC73669728F5A49900499E23 /* Release */,
			);
			defaultConfigurationIsVisible = 0;
			defaultConfigurationName = Release;
		};
		CC73669828F5A49900499E23 /* Build configuration list for PBXNativeTarget "evshelemekhPW4" */ = {
			isa = XCConfigurationList;
			buildConfigurations = (
				CC73669928F5A49900499E23 /* Debug */,
				CC73669A28F5A49900499E23 /* Release */,
			);
			defaultConfigurationIsVisible = 0;
			defaultConfigurationName = Release;
		};
/* End XCConfigurationList section */

/* Begin XCVersionGroup section */
		CC30ECE6290BFEA9005D94E7 /* Note.xcdatamodeld */ = {
			isa = XCVersionGroup;
			children = (
				CC30ECE7290BFEA9005D94E7 /* Note.xcdatamodel */,
			);
			currentVersion = CC30ECE7290BFEA9005D94E7 /* Note.xcdatamodel */;
			path = Note.xcdatamodeld;
			sourceTree = "<group>";
			versionGroupType = wrapper.xcdatamodel;
		};
/* End XCVersionGroup section */
	};
	rootObject = CC73667C28F5A49900499E23 /* Project object */;
}
